github.com/alexaandru/go-sitter-forest/ada v1.9.0 h1:hV0rMiYCssJD6rRTya4HD1w9LnvgJUoq2QAJAQM7kzs=
github.com/alexaandru/go-sitter-forest/ada v1.9.0/go.mod h1:/p7T4GAxcLusrbWR0atkOhmCekrV7Qx+SDnropaRRI8=
github.com/alexaandru/go-sitter-forest/asm v1.9.1 h1:pfsxgLh/PV3sQvYoGYtPBOge2zB2mW2nQl5wzCHij+E=
github.com/alexaandru/go-sitter-forest/asm v1.9.1/go.mod h1:TMGi0OBTAPmJ86MhznPbForh5NsAyGMS1s7YWH14TXM=
github.com/alexaandru/go-sitter-forest/bash v1.9.6 h1:08bixRLEPEeo5dUMUa5AkGRso5RA9T/gYJ1iqxx4lvk=
github.com/alexaandru/go-sitter-forest/bash v1.9.6/go.mod h1:n7akT/YMJSe0m+kKMZRzi+lQlXDjKU0vvYrrvejJ0no=
github.com/alexaandru/go-sitter-forest/c v1.9.4 h1:E7Qb0zN/DSQhsIaJvfKHIhk6QLxu+4DNi8OgoMpvyMM=
github.com/alexaandru/go-sitter-forest/c v1.9.4/go.mod h1:ycxxUak8lW4au1HrvwY93ztpiJyCjm0lUb0OYhXcvmk=
github.com/alexaandru/go-sitter-forest/c_sharp v1.9.6 h1:qGVeM/rs6ITL+WVZh0DVn6sHtDwuZpQIQwgmnVUbb9o=
github.com/alexaandru/go-sitter-forest/c_sharp v1.9.6/go.mod h1:Z7u9b/RpBzNY7Q17Rs0ASuRkDjXUn9eGOv0Hwsn8maw=
github.com/alexaandru/go-sitter-forest/cobol v1.9.1 h1:pVQzXTWOT+CpFPjm64dz7nlKOUXX8JcVMqZI8f7BW8k=
github.com/alexaandru/go-sitter-forest/cobol v1.9.1/go.mod h1:mIuPUKqbXhTLia5LFWtRev3qdjSL8q/cxPnCuTCxEf8=
github.com/alexaandru/go-sitter-forest/commonlisp v1.9.1 h1:j5IFAUC0sOskJtvgQYiAzuDqBESh51+J1Qcbg3d+mGo=
github.com/alexaandru/go-sitter-forest/commonlisp v1.9.1/go.mod h1:icU+eAqo4erv5HM23nBqDoberycIVMpcCkzXtWZggIA=
github.com/alexaandru/go-sitter-forest/cpp v1.9.5 h1:GudtwF4yPlT5NANI8+rU7xS3ilm03wVWghmuaorMzEw=
github.com/alexaandru/go-sitter-forest/cpp v1.9.5/go.mod h1:OVmJ399hre2mWHm+n0iOOZVcw9MHG2RuldxIvQKlbQ0=
github.com/alexaandru/go-sitter-forest/css v1.9.4 h1:MBdaNeWhmIBqrxetO0HBiyit9Sfxw4WBukUPqHGA/Ho=
github.com/alexaandru/go-sitter-forest/css v1.9.4/go.mod h1:5lnhmNpkGjiHgp6LfEyUtcS11G4MDwgvaV0naJeJEY8=
github.com/alexaandru/go-sitter-forest/dart v1.9.4 h1:WvN+ShV7DuSDjYNSgI4N2mH4ucivqJCu+q8E1zycdts=
github.com/alexaandru/go-sitter-forest/dart v1.9.4/go.mod h1:7HT0VRdDilKAPTmOPdjgM9Gx/U0z8mgw5p0/dh1rnE4=
github.com/alexaandru/go-sitter-forest/elixir v1.9.5 h1:VMJ20lWgzn1vtILWOfyVXyiT9cxoovykcSrK/skX7aM=
github.com/alexaandru/go-sitter-forest/elixir v1.9.5/go.mod h1:yJjH5M1RZ3UcsrZ2CPLluSdVcCT3xA7sD/RxVej1YvE=
github.com/alexaandru/go-sitter-forest/erlang v1.9.7 h1:NwCErr9f/X9OW1HXYQzi/83fGKyPmz+ow9NXneUr94A=
github.com/alexaandru/go-sitter-forest/erlang v1.9.7/go.mod h1:w44gyZikbQBpzX7/RJqNxsLzMrLqn4Tvh9r649ml9xI=
github.com/alexaandru/go-sitter-forest/fortran v1.9.13 h1:dJ5UWK+BEymcc5UtB+KMNeOUtwyaAXJQz1e2Bn44nhE=
github.com/alexaandru/go-sitter-forest/fortran v1.9.13/go.mod h1:mUhIgJpGZGWUVeoTWDbmdB3J1qLS07k+D7E7TRMDpfE=
github.com/alexaandru/go-sitter-forest/fsharp v1.9.3 h1:B1XtGYCKzUfNUgyS1ZTHcRRf/areLueybgVtBPdODOE=
github.com/alexaandru/go-sitter-forest/fsharp v1.9.3/go.mod h1:dTsmrcn90hIRYZC4YobTtaIf+YYKVM1mhGqgIqLei0Y=
github.com/alexaandru/go-sitter-forest/gdscript v1.9.6 h1:9TOQ7lvbv/Y/R40gQisUfIN455PR+zLWuy1evsTo7q0=
github.com/alexaandru/go-sitter-forest/gdscript v1.9.6/go.mod h1:bePnpjBZbV3SRQOIZDuMAtDOuv7jj4zAOBQoQNddjmw=
github.com/alexaandru/go-sitter-forest/gleam v1.9.9 h1:6104gWAx0Obl9tvbzzcDq3ntyj7slB2FjoiD9AzwHHI=
github.com/alexaandru/go-sitter-forest/gleam v1.9.9/go.mod h1:JPvlemzwt8XlnKRoQ9X8H3JvVjzYfxf7LfuzXv4Y8Pw=
github.com/alexaandru/go-sitter-forest/go v1.9.4 h1:Xpq8HijvTp2+AHL4UplLLiCOdIAA20u0JyM8NGBIBWs=
github.com/alexaandru/go-sitter-forest/go v1.9.4/go.mod h1:jCpJr1AOFPGq1DrAJevuurB04NJVk8jw3hYW3Mxc7G8=
github.com/alexaandru/go-sitter-forest/groovy v1.9.4 h1:6QJP/QrtivUtwo73ZJQTjCruzYW+cVww0ryEsXBuENM=
github.com/alexaandru/go-sitter-forest/groovy v1.9.4/go.mod h1:6iFTwag6Wd4QJLJzZnvos8cowjZ9SwgIh3H/HWiLL6E=
github.com/alexaandru/go-sitter-forest/html v1.9.1 h1:uOQAEra9XOb0QnubcZ6BjwSw6cKc2yb/EBYUPtI7bbs=
github.com/alexaandru/go-sitter-forest/html v1.9.1/go.mod h1:UKvmNmUNtFrMtJMhnt1nroQ/JnC3LsCqykZ0xWjticQ=
github.com/alexaandru/go-sitter-forest/java v1.9.5 h1:ibPa56LZBAwQ9McU2CVEAwkaB3ManNfaGUDFcSOq6qs=
github.com/alexaandru/go-sitter-forest/java v1.9.5/go.mod h1:aWD8ZAZ6IbhsCnF7Jog1GWtx3ow//PiWkkAvVfnB8/I=
github.com/alexaandru/go-sitter-forest/javascript v1.9.2 h1:b8ZWUk/1bXLmGXN/tL26PQf0EQ6vSM7J6pnNjN8by2Q=
github.com/alexaandru/go-sitter-forest/javascript v1.9.2/go.mod h1:cWOFBHR7EffqM4sdVQ70WtTnFKPZxt5sAm1zS1tWaL8=
github.com/alexaandru/go-sitter-forest/kotlin v1.9.4 h1:H2cRqquwV3rbNsUGUvyRZKWwC4TMLEDjXs0jzbIZASE=
github.com/alexaandru/go-sitter-forest/kotlin v1.9.4/go.mod h1:QCAC6OJsnUIRMx1akoZNzKRe+slaQq4sGSLAVwMFTuQ=
github.com/alexaandru/go-sitter-forest/lua v1.9.3 h1:A3Tas9sLRVc1kgD4Q477xhW+BfZzm2bnX4xO4bTSUNY=
github.com/alexaandru/go-sitter-forest/lua v1.9.3/go.mod h1:7MFGPolXojnCrVMHI9TIpB1OCLY8n18Cb4XyKr+hmfE=
github.com/alexaandru/go-sitter-forest/matlab v1.9.4 h1:UQv7rF59vVywSN5z9pmqheNvXjl472Xsr+iyrMB3dsE=
github.com/alexaandru/go-sitter-forest/matlab v1.9.4/go.mod h1:lvLM2cLQqT/gu9dp6K7/jUtMiTqOQnvqHnGmxmL9aXA=
github.com/alexaandru/go-sitter-forest/nix v1.9.4 h1:1eUmXiGM01OpfVDMxSu5aN50q3zCb0ArycoSDcx1BXg=
github.com/alexaandru/go-sitter-forest/nix v1.9.4/go.mod h1:nbtvKRD56GICG+j92DNSOEXwIp8gD4dh/3kXz3kd+5o=
github.com/alexaandru/go-sitter-forest/ocaml v1.9.6 h1:mN7v3irDwWO/KrFw6RCX9WBKCZzeCQvRNRc8fyu12wM=
github.com/alexaandru/go-sitter-forest/ocaml v1.9.6/go.mod h1:xPI6i1J71VDFB1mIll4Imge2G45UjDnkGiOzWc+xvX4=
github.com/alexaandru/go-sitter-forest/pascal v1.9.2 h1:nd/sAFLXXPbq/lmM/QkNu5Vx3yZ4SvF2cuOGsmZPijQ=
github.com/alexaandru/go-sitter-forest/pascal v1.9.2/go.mod h1:geJUcQfYNXV8R6lr060dUWHwqBZmksLmqRWK18UQuPk=
github.com/alexaandru/go-sitter-forest/perl v1.9.9 h1:iJREJrZQqGLK7Y40NQe66vs1BI1LytdzKsMtZ257KWw=
github.com/alexaandru/go-sitter-forest/perl v1.9.9/go.mod h1:5BjILwbrPZeAEtvuypMPdGqqENP2Hw58ZkBFllHuqTE=
github.com/alexaandru/go-sitter-forest/php v1.9.5 h1:t8FV0CrjobKKk941AJ5EZrLOeY6am25x/NR6iZx8emk=
github.com/alexaandru/go-sitter-forest/php v1.9.5/go.mod h1:LY33+NVll5+uKJ9YQiAFy/QcX02EHWlDlL/PPqAAjzg=
github.com/alexaandru/go-sitter-forest/powershell v1.9.5 h1:Xx1HU3ENj7KUE39P7AaTT23HaS57G+8ialpjFfSzKm4=
github.com/alexaandru/go-sitter-forest/powershell v1.9.5/go.mod h1:o3EOy3gi6LPlqqzCG6D9iQvb0daGjBfXgIardfQMy78=
github.com/alexaandru/go-sitter-forest/prolog v1.9.1 h1:vTBrP/hii5e5zSfXfjClHN6BwH6zQcW06tvWj/O40G4=
github.com/alexaandru/go-sitter-forest/prolog v1.9.1/go.mod h1:yLw65hd7wocjD2e60pZfwKtYn0YT9O7xKMf6LSMkj3M=
github.com/alexaandru/go-sitter-forest/python v1.9.10 h1:qKbso5wI4vlkQ0EjZBO5hRrxwqf0tmGLVdbzasZCcrg=
github.com/alexaandru/go-sitter-forest/python v1.9.10/go.mod h1:CXs3nuPcj4p3FqY8BnvJqsJ0vbsrda6Oj3sQDyRumNY=
github.com/alexaandru/go-sitter-forest/r v1.9.6 h1:rjcDudNKSrGAdUmLR6JxgGXb/4Q2flPXLQSgTpQbdL0=
github.com/alexaandru/go-sitter-forest/r v1.9.6/go.mod h1:W8wHEOhkTUoUCiHa7raV2kg1IsW7M4NKNOzvZwbAaBQ=
github.com/alexaandru/go-sitter-forest/ruby v1.9.3 h1:3GdkatWtd0jXvhnxdqJCdM+9JwAQeTwtWStiDAjAgr0=
github.com/alexaandru/go-sitter-forest/ruby v1.9.3/go.mod h1:h+TaY3e2ayXHy1jgwLZ+Jnho97roJzmaefSZjFvUM9k=
github.com/alexaandru/go-sitter-forest/rust v1.9.13 h1:orVZVXQ+IkXkIvzeyO6YvHBwujEvbYFvpMRNAGulHmw=
github.com/alexaandru/go-sitter-forest/rust v1.9.13/go.mod h1:ZKZRL1Yfy6siuWMvv2h/F9lt/8kMKn6VHnGj00PPNmM=
github.com/alexaandru/go-sitter-forest/scala v1.9.8 h1:w3HtQ4aij4PnRTBsIHITHtym8WiPGBGNL5KIJ6qIofw=
github.com/alexaandru/go-sitter-forest/scala v1.9.8/go.mod h1:+CuFWqcheV8rHtOWWDADtP7az6uSZKQ6zE0DLhg+LeY=
github.com/alexaandru/go-sitter-forest/sql v1.9.13 h1:uRH9eo+EztMohyVX5E+t06q/EoLsMWBVX/Qr2Nb823w=
github.com/alexaandru/go-sitter-forest/sql v1.9.13/go.mod h1:9RRdyTJk7bEGQsBhhqm/ElCh/DyqLgcglMXf/NOMbpM=
github.com/alexaandru/go-sitter-forest/swift v1.9.5 h1:CCfvj4BRjvN7HtznqDbgU7ylHHO9ML34ezsJFbErjV0=
github.com/alexaandru/go-sitter-forest/swift v1.9.5/go.mod h1:EzSPcZpETNyJIoAyPdbQgFUxWM+vcO3y5eYh8kmNvNc=
github.com/alexaandru/go-sitter-forest/typescript v1.9.4 h1:k+zE1JbmcDjgqPxO0fVnCnsCFj0yWmRaLpp2sbC4MoA=
github.com/alexaandru/go-sitter-forest/typescript v1.9.4/go.mod h1:fzlkFeml5odd1gUkYOgiNXK4bF2M6hBcfTitiJPlso8=
github.com/alexaandru/go-sitter-forest/zig v1.9.4 h1:RVN/w06TraO2NoALsidInjhLMWwGhlXhWqScqyupPTM=
github.com/alexaandru/go-sitter-forest/zig v1.9.4/go.mod h1:TPYg0UtYJygZqe7x2LTAXT6ZDtK/nKq7cK3CJ6FxeU0=
github.com/davecgh/go-spew v1.1.1 h1:vj9j/u1bqnvCEfJOwUhtlOARqs3+rkHYY13jYWTU97c=
github.com/davecgh/go-spew v1.1.1/go.mod h1:J7Y8YcW2NihsgmVo/mv3lAwl/skON4iLHjSsI+c5H38=
github.com/pmezard/go-difflib v1.0.0 h1:4DBwDE0NGyQoBHbLQYPwSUPoCMWR5BEzIk/f1lZbAQM=
github.com/pmezard/go-difflib v1.0.0/go.mod h1:iKH77koFhYxTK1pcRnkKkqfTogsbg7gZNVY4sRDYZ/4=
github.com/smacker/go-tree-sitter v0.0.0-20240827094217-dd81d9e9be82 h1:6C8qej6f1bStuePVkLSFxoU22XBS165D3klxlzRg8F4=
github.com/smacker/go-tree-sitter v0.0.0-20240827094217-dd81d9e9be82/go.mod h1:xe4pgH49k4SsmkQq5OT8abwhWmnzkhpgnXeekbx2efw=
github.com/stretchr/testify v1.9.0 h1:HtqpIVDClZ4nwg75+f6Lvsy/wHu+3BoSGCbBAcpTsTg=
github.com/stretchr/testify v1.9.0/go.mod h1:r2ic/lqez/lEtzL7wO/rwa5dbSLXVDPFyf8C91i36aY=
gopkg.in/yaml.v3 v3.0.1 h1:fxVm/GzAzEWqLHuvctI91KS9hhNmmWOoWu0XTYJS7CA=
gopkg.in/yaml.v3 v3.0.1/go.mod h1:K4uyk7z7BCEPqu6E+C64Yfv1cQ7kz7rIZviUmN+EgEM=
